
Microsoft Visual Studio Solution File, Format Version 12.00
# Visual Studio Version 17
VisualStudioVersion = 17.11.35222.181
MinimumVisualStudioVersion = 10.0.40219.1
Project("{FAE04EC0-301F-11D3-BF4B-00C04F79EFBC}") = "ConsoleApp1", "ConsoleApp1\ConsoleApp1.csproj", "{1197E217-8103-4F1D-9A15-03A4A39A9B75}"
EndProject
Global
	GlobalSection(SolutionConfigurationPlatforms) = preSolution
		Debug|Any CPU = Debug|Any CPU
		Release|Any CPU = Release|Any CPU
	EndGlobalSection
	GlobalSection(ProjectConfigurationPlatforms) = postSolution
		{1197E217-8103-4F1D-9A15-03A4A39A9B75}.Debug|Any CPU.ActiveCfg = Debug|Any CPU
		{1197E217-8103-4F1D-9A15-03A4A39A9B75}.Debug|Any CPU.Build.0 = Debug|Any CPU
		{1197E217-8103-4F1D-9A15-03A4A39A9B75}.Release|Any CPU.ActiveCfg = Release|Any CPU
		{1197E217-8103-4F1D-9A15-03A4A39A9B75}.Release|Any CPU.Build.0 = Release|Any CPU
	EndGlobalSection
	GlobalSection(SolutionProperties) = preSolution
		HideSolutionNode = FALSE
	EndGlobalSection
	GlobalSection(ExtensibilityGlobals) = postSolution
		SolutionGuid = {B1DAA277-879C-4E36-AF58-734ACE71E5B7}
	EndGlobalSection
EndGlobal
